
Microsoft Visual Studio Solution File, Format Version 12.00
Project("{FAE04EC0-301F-11D3-BF4B-00C04F79EFBC}") = "ASP-Data-Visualization", "ASP-Data-Visualization.csproj", "{AFB6397E-DAA4-42AA-8B33-62B3EB42B92B}"
EndProject
Global
	GlobalSection(SolutionConfigurationPlatforms) = preSolution
		Debug|Any CPU = Debug|Any CPU
		Release|Any CPU = Release|Any CPU
	EndGlobalSection
	GlobalSection(ProjectConfigurationPlatforms) = postSolution
		{AFB6397E-DAA4-42AA-8B33-62B3EB42B92B}.Debug|Any CPU.ActiveCfg = Debug|Any CPU
		{AFB6397E-DAA4-42AA-8B33-62B3EB42B92B}.Debug|Any CPU.Build.0 = Debug|Any CPU
		{AFB6397E-DAA4-42AA-8B33-62B3EB42B92B}.Release|Any CPU.ActiveCfg = Release|Any CPU
		{AFB6397E-DAA4-42AA-8B33-62B3EB42B92B}.Release|Any CPU.Build.0 = Release|Any CPU
	EndGlobalSection
EndGlobal
